
Microsoft Visual Studio Solution File, Format Version 12.00
# Visual Studio Version 17
VisualStudioVersion = 17.5.33502.453
MinimumVisualStudioVersion = 10.0.40219.1
Project("{9A19103F-16F7-4668-BE54-9A1E7A4F7556}") = "JLeb.Estragonia", "src\JLeb.Estragonia\JLeb.Estragonia.csproj", "{B3C282DD-56EA-43D7-A31C-BF28AEC62671}"
EndProject
Project("{2150E333-8FDC-42A3-9474-1A3956D46DE8}") = "Global Files", "Global Files", "{0C36314E-302D-4A8B-8749-25B1C83A9523}"
	ProjectSection(SolutionItems) = preProject
		.editorconfig = .editorconfig
		NuGet.config = NuGet.config
		global.json = global.json
		.gitignore = .gitignore
		LICENSE.txt = LICENSE.txt
		README.md = README.md
		.gitattributes = .gitattributes
	EndProjectSection
EndProject
Project("{2150E333-8FDC-42A3-9474-1A3956D46DE8}") = "Samples", "Samples", "{8BDD182F-5C11-4089-9703-AD2E3B9B55B4}"
EndProject
Project("{9A19103F-16F7-4668-BE54-9A1E7A4F7556}") = "HelloWorld", "samples\HelloWorld\HelloWorld.csproj", "{2125B402-E207-4382-AC5E-D8C7A868E2FA}"
EndProject
Project("{FAE04EC0-301F-11D3-BF4B-00C04F79EFBC}") = "GameMenu", "samples\GameMenu\GameMenu.csproj", "{8CFBC98F-46CD-4F19-97A3-5D36B11C54EB}"
EndProject
Project("{FAE04EC0-301F-11D3-BF4B-00C04F79EFBC}") = "GameMenuDesigner", "samples\GameMenuDesigner\GameMenuDesigner.csproj", "{5D55F29B-28DC-4901-9A05-24B83B39597C}"
EndProject
Global
	GlobalSection(SolutionConfigurationPlatforms) = preSolution
		Debug|Any CPU = Debug|Any CPU
		Release|Any CPU = Release|Any CPU
	EndGlobalSection
	GlobalSection(ProjectConfigurationPlatforms) = postSolution
		{B3C282DD-56EA-43D7-A31C-BF28AEC62671}.Debug|Any CPU.ActiveCfg = Debug|Any CPU
		{B3C282DD-56EA-43D7-A31C-BF28AEC62671}.Debug|Any CPU.Build.0 = Debug|Any CPU
		{B3C282DD-56EA-43D7-A31C-BF28AEC62671}.Release|Any CPU.ActiveCfg = Release|Any CPU
		{B3C282DD-56EA-43D7-A31C-BF28AEC62671}.Release|Any CPU.Build.0 = Release|Any CPU
		{2125B402-E207-4382-AC5E-D8C7A868E2FA}.Debug|Any CPU.ActiveCfg = Debug|Any CPU
		{2125B402-E207-4382-AC5E-D8C7A868E2FA}.Debug|Any CPU.Build.0 = Debug|Any CPU
		{2125B402-E207-4382-AC5E-D8C7A868E2FA}.Release|Any CPU.ActiveCfg = Debug|Any CPU
		{2125B402-E207-4382-AC5E-D8C7A868E2FA}.Release|Any CPU.Build.0 = Debug|Any CPU
		{8CFBC98F-46CD-4F19-97A3-5D36B11C54EB}.Debug|Any CPU.ActiveCfg = Debug|Any CPU
		{8CFBC98F-46CD-4F19-97A3-5D36B11C54EB}.Debug|Any CPU.Build.0 = Debug|Any CPU
		{8CFBC98F-46CD-4F19-97A3-5D36B11C54EB}.Release|Any CPU.ActiveCfg = Debug|Any CPU
		{8CFBC98F-46CD-4F19-97A3-5D36B11C54EB}.Release|Any CPU.Build.0 = Debug|Any CPU
		{5D55F29B-28DC-4901-9A05-24B83B39597C}.Debug|Any CPU.ActiveCfg = Debug|Any CPU
		{5D55F29B-28DC-4901-9A05-24B83B39597C}.Debug|Any CPU.Build.0 = Debug|Any CPU
		{5D55F29B-28DC-4901-9A05-24B83B39597C}.Release|Any CPU.ActiveCfg = Release|Any CPU
		{5D55F29B-28DC-4901-9A05-24B83B39597C}.Release|Any CPU.Build.0 = Release|Any CPU
	EndGlobalSection
	GlobalSection(SolutionProperties) = preSolution
		HideSolutionNode = FALSE
	EndGlobalSection
	GlobalSection(ExtensibilityGlobals) = postSolution
		SolutionGuid = {B6332B4C-6061-4B9D-ADA8-52DF09FE4848}
	EndGlobalSection
	GlobalSection(NestedProjects) = preSolution
		{2125B402-E207-4382-AC5E-D8C7A868E2FA} = {8BDD182F-5C11-4089-9703-AD2E3B9B55B4}
		{8CFBC98F-46CD-4F19-97A3-5D36B11C54EB} = {8BDD182F-5C11-4089-9703-AD2E3B9B55B4}
		{5D55F29B-28DC-4901-9A05-24B83B39597C} = {8BDD182F-5C11-4089-9703-AD2E3B9B55B4}
	EndGlobalSection
EndGlobal
